
Microsoft Visual Studio Solution File, Format Version 12.00
# Visual Studio 15
VisualStudioVersion = 15.0.27004.2005
MinimumVisualStudioVersion = 10.0.40219.1
Project("{FAE04EC0-301F-11D3-BF4B-00C04F79EFBC}") = "FlowerPower", "FlowerPower\FlowerPower.csproj", "{B3FCF2E3-29B9-4E79-85F1-E00233DF4F90}"
EndProject
Global
	GlobalSection(SolutionConfigurationPlatforms) = preSolution
		Debug|Any CPU = Debug|Any CPU
		Release|Any CPU = Release|Any CPU
	EndGlobalSection
	GlobalSection(ProjectConfigurationPlatforms) = postSolution
		{B3FCF2E3-29B9-4E79-85F1-E00233DF4F90}.Debug|Any CPU.ActiveCfg = Debug|Any CPU
		{B3FCF2E3-29B9-4E79-85F1-E00233DF4F90}.Debug|Any CPU.Build.0 = Debug|Any CPU
		{B3FCF2E3-29B9-4E79-85F1-E00233DF4F90}.Release|Any CPU.ActiveCfg = Release|Any CPU
		{B3FCF2E3-29B9-4E79-85F1-E00233DF4F90}.Release|Any CPU.Build.0 = Release|Any CPU
	EndGlobalSection
	GlobalSection(SolutionProperties) = preSolution
		HideSolutionNode = FALSE
	EndGlobalSection
	GlobalSection(ExtensibilityGlobals) = postSolution
		SolutionGuid = {0192D1ED-DF64-4A40-B30F-775BFF6B4171}
	EndGlobalSection
EndGlobal
